
Microsoft Visual Studio Solution File, Format Version 12.00
Project("{FAE04EC0-301F-11D3-BF4B-00C04F79EFBC}") = "Domain", "Domain\Domain.csproj", "{987F8FB8-8179-4E1F-9E6B-66E02FEF13F1}"
EndProject
Project("{FAE04EC0-301F-11D3-BF4B-00C04F79EFBC}") = "WebAPI", "WebAPI\WebAPI.csproj", "{7FC73B84-2054-4D4A-8CD9-7196D86032D0}"
EndProject
Project("{FAE04EC0-301F-11D3-BF4B-00C04F79EFBC}") = "LogicLayer", "LogicLayer\LogicLayer.csproj", "{B8ABA5FC-C12C-4910-8F40-63DA1271A16B}"
EndProject
Global
	GlobalSection(SolutionConfigurationPlatforms) = preSolution
		Debug|Any CPU = Debug|Any CPU
		Release|Any CPU = Release|Any CPU
	EndGlobalSection
	GlobalSection(NestedProjects) = preSolution
	EndGlobalSection
	GlobalSection(ProjectConfigurationPlatforms) = postSolution
		{987F8FB8-8179-4E1F-9E6B-66E02FEF13F1}.Debug|Any CPU.ActiveCfg = Debug|Any CPU
		{987F8FB8-8179-4E1F-9E6B-66E02FEF13F1}.Debug|Any CPU.Build.0 = Debug|Any CPU
		{987F8FB8-8179-4E1F-9E6B-66E02FEF13F1}.Release|Any CPU.ActiveCfg = Release|Any CPU
		{987F8FB8-8179-4E1F-9E6B-66E02FEF13F1}.Release|Any CPU.Build.0 = Release|Any CPU
		{7FC73B84-2054-4D4A-8CD9-7196D86032D0}.Debug|Any CPU.ActiveCfg = Debug|Any CPU
		{7FC73B84-2054-4D4A-8CD9-7196D86032D0}.Debug|Any CPU.Build.0 = Debug|Any CPU
		{7FC73B84-2054-4D4A-8CD9-7196D86032D0}.Release|Any CPU.ActiveCfg = Release|Any CPU
		{7FC73B84-2054-4D4A-8CD9-7196D86032D0}.Release|Any CPU.Build.0 = Release|Any CPU
		{B8ABA5FC-C12C-4910-8F40-63DA1271A16B}.Debug|Any CPU.ActiveCfg = Debug|Any CPU
		{B8ABA5FC-C12C-4910-8F40-63DA1271A16B}.Debug|Any CPU.Build.0 = Debug|Any CPU
		{B8ABA5FC-C12C-4910-8F40-63DA1271A16B}.Release|Any CPU.ActiveCfg = Release|Any CPU
		{B8ABA5FC-C12C-4910-8F40-63DA1271A16B}.Release|Any CPU.Build.0 = Release|Any CPU
	EndGlobalSection
EndGlobal
